// !$*UTF8*$!
{
	archiveVersion = 1;
	classes = {
	};
	objectVersion = 56;
	objects = {

/* Begin PBXBuildFile section */
		572053FC2A68900F0072DE06 /* Pallet.swift in Sources */ = {isa = PBXBuildFile; fileRef = 572053FB2A68900F0072DE06 /* Pallet.swift */; };
		572053FE2A6893700072DE06 /* ColorStructure.swift in Sources */ = {isa = PBXBuildFile; fileRef = 572053FD2A6893700072DE06 /* ColorStructure.swift */; };
		572054012A68961F0072DE06 /* pantone-colors.json in Resources */ = {isa = PBXBuildFile; fileRef = 572054002A68961F0072DE06 /* pantone-colors.json */; };
		572054032A689AE40072DE06 /* PantoneColorArrays.swift in Sources */ = {isa = PBXBuildFile; fileRef = 572054022A689AE40072DE06 /* PantoneColorArrays.swift */; };
		572054062A68A56D0072DE06 /* Pantone.swift in Sources */ = {isa = PBXBuildFile; fileRef = 572054052A68A56D0072DE06 /* Pantone.swift */; };
		5725C5A22A7BCAEC00933331 /* macOSColorSenseApp.swift in Sources */ = {isa = PBXBuildFile; fileRef = 5725C5A12A7BCAEC00933331 /* macOSColorSenseApp.swift */; };
		5725C5A42A7BCAEC00933331 /* ContentView.swift in Sources */ = {isa = PBXBuildFile; fileRef = 5725C5A32A7BCAEC00933331 /* ContentView.swift */; };
		5725C5A82A7BCAEF00933331 /* Assets.xcassets in Resources */ = {isa = PBXBuildFile; fileRef = 5725C5A72A7BCAEF00933331 /* Assets.xcassets */; };
		5725C5AB2A7BCAEF00933331 /* Preview Assets.xcassets in Resources */ = {isa = PBXBuildFile; fileRef = 5725C5AA2A7BCAEF00933331 /* Preview Assets.xcassets */; };
		5725C5B02A7BCB6E00933331 /* ColorStructure.swift in Sources */ = {isa = PBXBuildFile; fileRef = 572053FD2A6893700072DE06 /* ColorStructure.swift */; };
		5725C5B12A7BCB6E00933331 /* PantoneColorArrays.swift in Sources */ = {isa = PBXBuildFile; fileRef = 572054022A689AE40072DE06 /* PantoneColorArrays.swift */; };
		5725C5B22A7BCB6E00933331 /* Pantone.swift in Sources */ = {isa = PBXBuildFile; fileRef = 572054052A68A56D0072DE06 /* Pantone.swift */; };
		5725C5B32A7BCB6E00933331 /* colornames.json in Resources */ = {isa = PBXBuildFile; fileRef = 575301652A0339C2006A68A5 /* colornames.json */; };
		5725C5B52A7BCB6E00933331 /* Pallet.swift in Sources */ = {isa = PBXBuildFile; fileRef = 572053FB2A68900F0072DE06 /* Pallet.swift */; };
		5725C5B82A7BCB6E00933331 /* ColorData.swift in Sources */ = {isa = PBXBuildFile; fileRef = 576338D52A09C03A0034AF9D /* ColorData.swift */; };
		5725C5BD2A7BCB6E00933331 /* pantone-colors.json in Resources */ = {isa = PBXBuildFile; fileRef = 572054002A68961F0072DE06 /* pantone-colors.json */; };
		5727200D2A7D43CA00BDA48B /* RealityKitContent in Frameworks */ = {isa = PBXBuildFile; productRef = 5727200C2A7D43CA00BDA48B /* RealityKitContent */; };
		5727200F2A7D43CA00BDA48B /* visionColorSenseApp.swift in Sources */ = {isa = PBXBuildFile; fileRef = 5727200E2A7D43CA00BDA48B /* visionColorSenseApp.swift */; };
		572720112A7D43CA00BDA48B /* ContentView.swift in Sources */ = {isa = PBXBuildFile; fileRef = 572720102A7D43CA00BDA48B /* ContentView.swift */; };
		572720132A7D43CC00BDA48B /* Assets.xcassets in Resources */ = {isa = PBXBuildFile; fileRef = 572720122A7D43CC00BDA48B /* Assets.xcassets */; };
		572720162A7D43CC00BDA48B /* Preview Assets.xcassets in Resources */ = {isa = PBXBuildFile; fileRef = 572720152A7D43CC00BDA48B /* Preview Assets.xcassets */; };
		575301662A0339C2006A68A5 /* colornames.json in Resources */ = {isa = PBXBuildFile; fileRef = 575301652A0339C2006A68A5 /* colornames.json */; };
		5753016B2A033C9F006A68A5 /* CIColor.swift in Sources */ = {isa = PBXBuildFile; fileRef = 5753016A2A033C9F006A68A5 /* CIColor.swift */; };
		5753016D2A033CC6006A68A5 /* CIImage.swift in Sources */ = {isa = PBXBuildFile; fileRef = 5753016C2A033CC6006A68A5 /* CIImage.swift */; };
		5753016F2A033CF0006A68A5 /* Calculate Colors.swift in Sources */ = {isa = PBXBuildFile; fileRef = 5753016E2A033CF0006A68A5 /* Calculate Colors.swift */; };
		575301742A034529006A68A5 /* String.swift in Sources */ = {isa = PBXBuildFile; fileRef = 575301732A034529006A68A5 /* String.swift */; };
		575FFF012D441E56005FD040 /* ColorSense: Color Identifier.storekit in Resources */ = {isa = PBXBuildFile; fileRef = 575FFF002D441E56005FD040 /* ColorSense: Color Identifier.storekit */; };
		575FFF032D446053005FD040 /* SubscriptionsManager.swift in Sources */ = {isa = PBXBuildFile; fileRef = 575FFF022D446053005FD040 /* SubscriptionsManager.swift */; };
		575FFF042D446053005FD040 /* SubscriptionsManager.swift in Sources */ = {isa = PBXBuildFile; fileRef = 575FFF022D446053005FD040 /* SubscriptionsManager.swift */; };
		576338B92A0997AA0034AF9D /* View.swift in Sources */ = {isa = PBXBuildFile; fileRef = 576338B82A0997AA0034AF9D /* View.swift */; };
		576338BE2A099B690034AF9D /* ColorCardView.swift in Sources */ = {isa = PBXBuildFile; fileRef = 576338BD2A099B690034AF9D /* ColorCardView.swift */; };
		576338C02A099C810034AF9D /* BottomBarView.swift in Sources */ = {isa = PBXBuildFile; fileRef = 576338BF2A099C810034AF9D /* BottomBarView.swift */; };
		576338C22A099D240034AF9D /* FocusCircleView.swift in Sources */ = {isa = PBXBuildFile; fileRef = 576338C12A099D240034AF9D /* FocusCircleView.swift */; };
		576338C62A09A3C50034AF9D /* ContentView-ViewModel.swift in Sources */ = {isa = PBXBuildFile; fileRef = 576338C52A09A3C50034AF9D /* ContentView-ViewModel.swift */; };
		576338C92A09A5A00034AF9D /* ColorDetailView.swift in Sources */ = {isa = PBXBuildFile; fileRef = 576338C82A09A5A00034AF9D /* ColorDetailView.swift */; };
		576338CB2A09A5D10034AF9D /* ColorDetailView-ViewModel.swift in Sources */ = {isa = PBXBuildFile; fileRef = 576338CA2A09A5D10034AF9D /* ColorDetailView-ViewModel.swift */; };
		576338CD2A09A8980034AF9D /* Color.swift in Sources */ = {isa = PBXBuildFile; fileRef = 576338CC2A09A8980034AF9D /* Color.swift */; };
		576338CF2A09BD280034AF9D /* PalletView-ViewModel.swift in Sources */ = {isa = PBXBuildFile; fileRef = 576338CE2A09BD280034AF9D /* PalletView-ViewModel.swift */; };
		576338D12A09BD340034AF9D /* PalletListView.swift in Sources */ = {isa = PBXBuildFile; fileRef = 576338D02A09BD340034AF9D /* PalletListView.swift */; };
		576338D62A09C03A0034AF9D /* ColorData.swift in Sources */ = {isa = PBXBuildFile; fileRef = 576338D52A09C03A0034AF9D /* ColorData.swift */; };
		576A4F152A782E6F00452FA5 /* WatchColorSenseApp.swift in Sources */ = {isa = PBXBuildFile; fileRef = 576A4F142A782E6F00452FA5 /* WatchColorSenseApp.swift */; };
		576A4F172A782E6F00452FA5 /* ContentView.swift in Sources */ = {isa = PBXBuildFile; fileRef = 576A4F162A782E6F00452FA5 /* ContentView.swift */; };
		576A4F192A782E7200452FA5 /* Assets.xcassets in Resources */ = {isa = PBXBuildFile; fileRef = 576A4F182A782E7200452FA5 /* Assets.xcassets */; };
		576A4F1C2A782E7200452FA5 /* Preview Assets.xcassets in Resources */ = {isa = PBXBuildFile; fileRef = 576A4F1B2A782E7200452FA5 /* Preview Assets.xcassets */; };
		576A4F1F2A782E7200452FA5 /* WatchColorSense Watch App.app in Embed Watch Content */ = {isa = PBXBuildFile; fileRef = 576A4F122A782E6F00452FA5 /* WatchColorSense Watch App.app */; settings = {ATTRIBUTES = (RemoveHeadersOnCopy, ); }; };
		576A4F232A782EE000452FA5 /* colornames.json in Resources */ = {isa = PBXBuildFile; fileRef = 575301652A0339C2006A68A5 /* colornames.json */; };
		576A4F262A782EE000452FA5 /* View.swift in Sources */ = {isa = PBXBuildFile; fileRef = 576338B82A0997AA0034AF9D /* View.swift */; };
		576A4F272A782EE000452FA5 /* Color.swift in Sources */ = {isa = PBXBuildFile; fileRef = 576338CC2A09A8980034AF9D /* Color.swift */; };
		576A4F282A782EE000452FA5 /* Pallet.swift in Sources */ = {isa = PBXBuildFile; fileRef = 572053FB2A68900F0072DE06 /* Pallet.swift */; };
		576A4F292A782EE000452FA5 /* New Colors.swift in Sources */ = {isa = PBXBuildFile; fileRef = 57DDCDFB2A07F93600B53CB7 /* New Colors.swift */; };
		576A4F2A2A782EE000452FA5 /* Pantone.swift in Sources */ = {isa = PBXBuildFile; fileRef = 572054052A68A56D0072DE06 /* Pantone.swift */; };
		576A4F2B2A782EE000452FA5 /* String.swift in Sources */ = {isa = PBXBuildFile; fileRef = 575301732A034529006A68A5 /* String.swift */; };
		576A4F2C2A782EE000452FA5 /* ColorData.swift in Sources */ = {isa = PBXBuildFile; fileRef = 576338D52A09C03A0034AF9D /* ColorData.swift */; };
		576A4F2D2A782EE000452FA5 /* PantoneColorArrays.swift in Sources */ = {isa = PBXBuildFile; fileRef = 572054022A689AE40072DE06 /* PantoneColorArrays.swift */; };
		576A4F2E2A782EE000452FA5 /* ColorStructure.swift in Sources */ = {isa = PBXBuildFile; fileRef = 572053FD2A6893700072DE06 /* ColorStructure.swift */; };
		576A4F2F2A782EE000452FA5 /* Calculate Colors.swift in Sources */ = {isa = PBXBuildFile; fileRef = 5753016E2A033CF0006A68A5 /* Calculate Colors.swift */; };
		576A4F302A782EE000452FA5 /* Color Lists.swift in Sources */ = {isa = PBXBuildFile; fileRef = 57DDCDFD2A08007000B53CB7 /* Color Lists.swift */; };
		576A4F312A782EE000452FA5 /* pantone-colors.json in Resources */ = {isa = PBXBuildFile; fileRef = 572054002A68961F0072DE06 /* pantone-colors.json */; };
		576A4F332A782EFF00452FA5 /* WatchColorDetailView.swift in Sources */ = {isa = PBXBuildFile; fileRef = 576A4F322A782EFF00452FA5 /* WatchColorDetailView.swift */; };
		576A4F352A782FB000452FA5 /* WatchPalletListView.swift in Sources */ = {isa = PBXBuildFile; fileRef = 576A4F342A782FB000452FA5 /* WatchPalletListView.swift */; };
		576A4F372A782FBE00452FA5 /* WatchPalletDetailView.swift in Sources */ = {isa = PBXBuildFile; fileRef = 576A4F362A782FBE00452FA5 /* WatchPalletDetailView.swift */; };
		576D8E9B2A031069003DE880 /* ColorSenseApp.swift in Sources */ = {isa = PBXBuildFile; fileRef = 576D8E9A2A031069003DE880 /* ColorSenseApp.swift */; };
		576D8E9D2A031069003DE880 /* ContentView.swift in Sources */ = {isa = PBXBuildFile; fileRef = 576D8E9C2A031069003DE880 /* ContentView.swift */; };
		576D8E9F2A03106A003DE880 /* Assets.xcassets in Resources */ = {isa = PBXBuildFile; fileRef = 576D8E9E2A03106A003DE880 /* Assets.xcassets */; };
		576D8EA22A03106A003DE880 /* Preview Assets.xcassets in Resources */ = {isa = PBXBuildFile; fileRef = 576D8EA12A03106A003DE880 /* Preview Assets.xcassets */; };
		576D8EAA2A0310AA003DE880 /* CameraPreview.swift in Sources */ = {isa = PBXBuildFile; fileRef = 576D8EA92A0310AA003DE880 /* CameraPreview.swift */; };
		57712DE42A7BD0D500B16DE9 /* ColorInit.swift in Sources */ = {isa = PBXBuildFile; fileRef = 57712DE32A7BD0D500B16DE9 /* ColorInit.swift */; };
		57712DE52A7BD0D500B16DE9 /* ColorInit.swift in Sources */ = {isa = PBXBuildFile; fileRef = 57712DE32A7BD0D500B16DE9 /* ColorInit.swift */; };
		57712DE62A7BD0D500B16DE9 /* ColorInit.swift in Sources */ = {isa = PBXBuildFile; fileRef = 57712DE32A7BD0D500B16DE9 /* ColorInit.swift */; };
		577357572A73150600903F85 /* PalletDetailView.swift in Sources */ = {isa = PBXBuildFile; fileRef = 577357562A73150600903F85 /* PalletDetailView.swift */; };
		577357592A73153800903F85 /* PalletDetailView-ViewModel.swift in Sources */ = {isa = PBXBuildFile; fileRef = 577357582A73153800903F85 /* PalletDetailView-ViewModel.swift */; };
		577BEB5C2A9A54800071E977 /* ColorStructure.swift in Sources */ = {isa = PBXBuildFile; fileRef = 572053FD2A6893700072DE06 /* ColorStructure.swift */; };
		57CC2DAF2D5549A000DF8603 /* StoreKitTestCertificate.cer in Resources */ = {isa = PBXBuildFile; fileRef = 57CC2DAE2D5549A000DF8603 /* StoreKitTestCertificate.cer */; };
		57DAA12E2A7B023A00F71CFA /* WatchColorDetailview-ViewModel.swift in Sources */ = {isa = PBXBuildFile; fileRef = 57DAA12D2A7B023A00F71CFA /* WatchColorDetailview-ViewModel.swift */; };
		57DDCDFC2A07F93600B53CB7 /* New Colors.swift in Sources */ = {isa = PBXBuildFile; fileRef = 57DDCDFB2A07F93600B53CB7 /* New Colors.swift */; };
		57DDCDFE2A08007000B53CB7 /* Color Lists.swift in Sources */ = {isa = PBXBuildFile; fileRef = 57DDCDFD2A08007000B53CB7 /* Color Lists.swift */; };
		57DDCE002A0806C100B53CB7 /* CameraFeed.swift in Sources */ = {isa = PBXBuildFile; fileRef = 57DDCDFF2A0806C100B53CB7 /* CameraFeed.swift */; };
		57E887012B44C4C40092B5ED /* StoreKit.framework in Frameworks */ = {isa = PBXBuildFile; fileRef = 57E887002B44C4C40092B5ED /* StoreKit.framework */; };
		57E887032B44C4D00092B5ED /* StoreKit.framework in Frameworks */ = {isa = PBXBuildFile; fileRef = 57E887022B44C4D00092B5ED /* StoreKit.framework */; };
		57E887052B44C4D80092B5ED /* StoreKit.framework in Frameworks */ = {isa = PBXBuildFile; fileRef = 57E887042B44C4D80092B5ED /* StoreKit.framework */; };
		57E887172B465B1C0092B5ED /* SettingsView.swift in Sources */ = {isa = PBXBuildFile; fileRef = 57E887162B465B1C0092B5ED /* SettingsView.swift */; };
		57E887182B465B1C0092B5ED /* SettingsView.swift in Sources */ = {isa = PBXBuildFile; fileRef = 57E887162B465B1C0092B5ED /* SettingsView.swift */; };
		57ED35662AAAA5D000BAFD76 /* Pallet.swift in Sources */ = {isa = PBXBuildFile; fileRef = 572053FB2A68900F0072DE06 /* Pallet.swift */; };
		57FF64052D4460ED008BA8C3 /* SubscriptionManager.swift in Sources */ = {isa = PBXBuildFile; fileRef = 57FF64042D4460ED008BA8C3 /* SubscriptionManager.swift */; };
		57FF64062D4460ED008BA8C3 /* SubscriptionManager.swift in Sources */ = {isa = PBXBuildFile; fileRef = 57FF64042D4460ED008BA8C3 /* SubscriptionManager.swift */; };
		57FF64082D446418008BA8C3 /* EntitlementsManager.swift in Sources */ = {isa = PBXBuildFile; fileRef = 57FF64072D446418008BA8C3 /* EntitlementsManager.swift */; };
		57FF64092D446418008BA8C3 /* EntitlementsManager.swift in Sources */ = {isa = PBXBuildFile; fileRef = 57FF64072D446418008BA8C3 /* EntitlementsManager.swift */; };
		57FF640B2D446B78008BA8C3 /* PaywallView.swift in Sources */ = {isa = PBXBuildFile; fileRef = 57FF640A2D446B78008BA8C3 /* PaywallView.swift */; };
		57FF640C2D446B78008BA8C3 /* PaywallView.swift in Sources */ = {isa = PBXBuildFile; fileRef = 57FF640A2D446B78008BA8C3 /* PaywallView.swift */; };
		57FF640E2D446C90008BA8C3 /* ProFeature.swift in Sources */ = {isa = PBXBuildFile; fileRef = 57FF640D2D446C90008BA8C3 /* ProFeature.swift */; };
		57FF640F2D446C90008BA8C3 /* ProFeature.swift in Sources */ = {isa = PBXBuildFile; fileRef = 57FF640D2D446C90008BA8C3 /* ProFeature.swift */; };
/* End PBXBuildFile section */

/* Begin PBXContainerItemProxy section */
		576A4F1D2A782E7200452FA5 /* PBXContainerItemProxy */ = {
			isa = PBXContainerItemProxy;
			containerPortal = 576D8E8F2A031069003DE880 /* Project object */;
			proxyType = 1;
			remoteGlobalIDString = 576A4F112A782E6F00452FA5;
			remoteInfo = "WatchColorSense Watch App";
		};
/* End PBXContainerItemProxy section */

/* Begin PBXCopyFilesBuildPhase section */
		576A4EDB2A7822E600452FA5 /* Embed Watch Content */ = {
			isa = PBXCopyFilesBuildPhase;
			buildActionMask = 8;
			dstPath = "$(CONTENTS_FOLDER_PATH)/Watch";
			dstSubfolderSpec = 16;
			files = (
				576A4F1F2A782E7200452FA5 /* WatchColorSense Watch App.app in Embed Watch Content */,
			);
			name = "Embed Watch Content";
			runOnlyForDeploymentPostprocessing = 1;
		};
/* End PBXCopyFilesBuildPhase section */

/* Begin PBXFileReference section */
		571272972A7DDB1B002F8720 /* Info.plist */ = {isa = PBXFileReference; lastKnownFileType = text.plist; path = Info.plist; sourceTree = "<group>"; };
		572053FB2A68900F0072DE06 /* Pallet.swift */ = {isa = PBXFileReference; lastKnownFileType = sourcecode.swift; path = Pallet.swift; sourceTree = "<group>"; };
		572053FD2A6893700072DE06 /* ColorStructure.swift */ = {isa = PBXFileReference; lastKnownFileType = sourcecode.swift; path = ColorStructure.swift; sourceTree = "<group>"; };
		572054002A68961F0072DE06 /* pantone-colors.json */ = {isa = PBXFileReference; fileEncoding = 4; lastKnownFileType = text.json; path = "pantone-colors.json"; sourceTree = "<group>"; };
		572054022A689AE40072DE06 /* PantoneColorArrays.swift */ = {isa = PBXFileReference; lastKnownFileType = sourcecode.swift; path = PantoneColorArrays.swift; sourceTree = "<group>"; };
		572054052A68A56D0072DE06 /* Pantone.swift */ = {isa = PBXFileReference; lastKnownFileType = sourcecode.swift; path = Pantone.swift; sourceTree = "<group>"; };
		5725C59F2A7BCAEC00933331 /* macOSColorSense.app */ = {isa = PBXFileReference; explicitFileType = wrapper.application; includeInIndex = 0; path = macOSColorSense.app; sourceTree = BUILT_PRODUCTS_DIR; };
		5725C5A12A7BCAEC00933331 /* macOSColorSenseApp.swift */ = {isa = PBXFileReference; lastKnownFileType = sourcecode.swift; path = macOSColorSenseApp.swift; sourceTree = "<group>"; };
		5725C5A32A7BCAEC00933331 /* ContentView.swift */ = {isa = PBXFileReference; lastKnownFileType = sourcecode.swift; path = ContentView.swift; sourceTree = "<group>"; };
		5725C5A72A7BCAEF00933331 /* Assets.xcassets */ = {isa = PBXFileReference; lastKnownFileType = folder.assetcatalog; path = Assets.xcassets; sourceTree = "<group>"; };
		5725C5AA2A7BCAEF00933331 /* Preview Assets.xcassets */ = {isa = PBXFileReference; lastKnownFileType = folder.assetcatalog; path = "Preview Assets.xcassets"; sourceTree = "<group>"; };
		5725C5AC2A7BCAEF00933331 /* macOSColorSense.entitlements */ = {isa = PBXFileReference; lastKnownFileType = text.plist.entitlements; path = macOSColorSense.entitlements; sourceTree = "<group>"; };
		572720082A7D43CA00BDA48B /* visionColorSense.app */ = {isa = PBXFileReference; explicitFileType = wrapper.application; includeInIndex = 0; path = visionColorSense.app; sourceTree = BUILT_PRODUCTS_DIR; };
		5727200B2A7D43CA00BDA48B /* RealityKitContent */ = {isa = PBXFileReference; lastKnownFileType = wrapper; path = RealityKitContent; sourceTree = "<group>"; };
		5727200E2A7D43CA00BDA48B /* visionColorSenseApp.swift */ = {isa = PBXFileReference; lastKnownFileType = sourcecode.swift; path = visionColorSenseApp.swift; sourceTree = "<group>"; };
		572720102A7D43CA00BDA48B /* ContentView.swift */ = {isa = PBXFileReference; lastKnownFileType = sourcecode.swift; path = ContentView.swift; sourceTree = "<group>"; };
		572720122A7D43CC00BDA48B /* Assets.xcassets */ = {isa = PBXFileReference; lastKnownFileType = folder.assetcatalog; path = Assets.xcassets; sourceTree = "<group>"; };
		572720152A7D43CC00BDA48B /* Preview Assets.xcassets */ = {isa = PBXFileReference; lastKnownFileType = folder.assetcatalog; path = "Preview Assets.xcassets"; sourceTree = "<group>"; };
		575301652A0339C2006A68A5 /* colornames.json */ = {isa = PBXFileReference; fileEncoding = 4; lastKnownFileType = text.json; path = colornames.json; sourceTree = "<group>"; };
		5753016A2A033C9F006A68A5 /* CIColor.swift */ = {isa = PBXFileReference; lastKnownFileType = sourcecode.swift; path = CIColor.swift; sourceTree = "<group>"; };
		5753016C2A033CC6006A68A5 /* CIImage.swift */ = {isa = PBXFileReference; lastKnownFileType = sourcecode.swift; path = CIImage.swift; sourceTree = "<group>"; };
		5753016E2A033CF0006A68A5 /* Calculate Colors.swift */ = {isa = PBXFileReference; lastKnownFileType = sourcecode.swift; path = "Calculate Colors.swift"; sourceTree = "<group>"; };
		575301732A034529006A68A5 /* String.swift */ = {isa = PBXFileReference; lastKnownFileType = sourcecode.swift; path = String.swift; sourceTree = "<group>"; };
		575FFF002D441E56005FD040 /* ColorSense: Color Identifier.storekit */ = {isa = PBXFileReference; lastKnownFileType = text; path = "ColorSense: Color Identifier.storekit"; sourceTree = "<group>"; };
		575FFF022D446053005FD040 /* SubscriptionsManager.swift */ = {isa = PBXFileReference; lastKnownFileType = sourcecode.swift; path = SubscriptionsManager.swift; sourceTree = "<group>"; };
		576338B82A0997AA0034AF9D /* View.swift */ = {isa = PBXFileReference; lastKnownFileType = sourcecode.swift; path = View.swift; sourceTree = "<group>"; };
		576338BD2A099B690034AF9D /* ColorCardView.swift */ = {isa = PBXFileReference; lastKnownFileType = sourcecode.swift; path = ColorCardView.swift; sourceTree = "<group>"; };
		576338BF2A099C810034AF9D /* BottomBarView.swift */ = {isa = PBXFileReference; lastKnownFileType = sourcecode.swift; path = BottomBarView.swift; sourceTree = "<group>"; };
		576338C12A099D240034AF9D /* FocusCircleView.swift */ = {isa = PBXFileReference; lastKnownFileType = sourcecode.swift; path = FocusCircleView.swift; sourceTree = "<group>"; };
		576338C52A09A3C50034AF9D /* ContentView-ViewModel.swift */ = {isa = PBXFileReference; lastKnownFileType = sourcecode.swift; path = "ContentView-ViewModel.swift"; sourceTree = "<group>"; };
		576338C82A09A5A00034AF9D /* ColorDetailView.swift */ = {isa = PBXFileReference; lastKnownFileType = sourcecode.swift; path = ColorDetailView.swift; sourceTree = "<group>"; };
		576338CA2A09A5D10034AF9D /* ColorDetailView-ViewModel.swift */ = {isa = PBXFileReference; lastKnownFileType = sourcecode.swift; path = "ColorDetailView-ViewModel.swift"; sourceTree = "<group>"; };
		576338CC2A09A8980034AF9D /* Color.swift */ = {isa = PBXFileReference; lastKnownFileType = sourcecode.swift; path = Color.swift; sourceTree = "<group>"; };
		576338CE2A09BD280034AF9D /* PalletView-ViewModel.swift */ = {isa = PBXFileReference; lastKnownFileType = sourcecode.swift; path = "PalletView-ViewModel.swift"; sourceTree = "<group>"; };
		576338D02A09BD340034AF9D /* PalletListView.swift */ = {isa = PBXFileReference; lastKnownFileType = sourcecode.swift; path = PalletListView.swift; sourceTree = "<group>"; };
		576338D52A09C03A0034AF9D /* ColorData.swift */ = {isa = PBXFileReference; fileEncoding = 4; lastKnownFileType = sourcecode.swift; path = ColorData.swift; sourceTree = "<group>"; };
		576A4EC22A742EF700452FA5 /* Info.plist */ = {isa = PBXFileReference; lastKnownFileType = text.plist; path = Info.plist; sourceTree = "<group>"; };
		576A4F122A782E6F00452FA5 /* WatchColorSense Watch App.app */ = {isa = PBXFileReference; explicitFileType = wrapper.application; includeInIndex = 0; path = "WatchColorSense Watch App.app"; sourceTree = BUILT_PRODUCTS_DIR; };
		576A4F142A782E6F00452FA5 /* WatchColorSenseApp.swift */ = {isa = PBXFileReference; lastKnownFileType = sourcecode.swift; path = WatchColorSenseApp.swift; sourceTree = "<group>"; };
		576A4F162A782E6F00452FA5 /* ContentView.swift */ = {isa = PBXFileReference; lastKnownFileType = sourcecode.swift; path = ContentView.swift; sourceTree = "<group>"; };
		576A4F182A782E7200452FA5 /* Assets.xcassets */ = {isa = PBXFileReference; lastKnownFileType = folder.assetcatalog; path = Assets.xcassets; sourceTree = "<group>"; };
		576A4F1B2A782E7200452FA5 /* Preview Assets.xcassets */ = {isa = PBXFileReference; lastKnownFileType = folder.assetcatalog; path = "Preview Assets.xcassets"; sourceTree = "<group>"; };
		576A4F322A782EFF00452FA5 /* WatchColorDetailView.swift */ = {isa = PBXFileReference; lastKnownFileType = sourcecode.swift; path = WatchColorDetailView.swift; sourceTree = "<group>"; };
		576A4F342A782FB000452FA5 /* WatchPalletListView.swift */ = {isa = PBXFileReference; lastKnownFileType = sourcecode.swift; path = WatchPalletListView.swift; sourceTree = "<group>"; };
		576A4F362A782FBE00452FA5 /* WatchPalletDetailView.swift */ = {isa = PBXFileReference; lastKnownFileType = sourcecode.swift; path = WatchPalletDetailView.swift; sourceTree = "<group>"; };
		576A4F382A7857F300452FA5 /* WatchColorSense-Watch-App-Info.plist */ = {isa = PBXFileReference; lastKnownFileType = text.plist; path = "WatchColorSense-Watch-App-Info.plist"; sourceTree = SOURCE_ROOT; };
		576A4F392A78580B00452FA5 /* ColorSense.entitlements */ = {isa = PBXFileReference; lastKnownFileType = text.plist.entitlements; path = ColorSense.entitlements; sourceTree = "<group>"; };
		576A4F3A2A78586400452FA5 /* WatchColorSense Watch App.entitlements */ = {isa = PBXFileReference; lastKnownFileType = text.plist.entitlements; path = "WatchColorSense Watch App.entitlements"; sourceTree = "<group>"; };
		576D8E972A031069003DE880 /* ColorSense.app */ = {isa = PBXFileReference; explicitFileType = wrapper.application; includeInIndex = 0; path = ColorSense.app; sourceTree = BUILT_PRODUCTS_DIR; };
		576D8E9A2A031069003DE880 /* ColorSenseApp.swift */ = {isa = PBXFileReference; lastKnownFileType = sourcecode.swift; path = ColorSenseApp.swift; sourceTree = "<group>"; };
		576D8E9C2A031069003DE880 /* ContentView.swift */ = {isa = PBXFileReference; lastKnownFileType = sourcecode.swift; path = ContentView.swift; sourceTree = "<group>"; };
		576D8E9E2A03106A003DE880 /* Assets.xcassets */ = {isa = PBXFileReference; lastKnownFileType = folder.assetcatalog; path = Assets.xcassets; sourceTree = "<group>"; };
		576D8EA12A03106A003DE880 /* Preview Assets.xcassets */ = {isa = PBXFileReference; lastKnownFileType = folder.assetcatalog; path = "Preview Assets.xcassets"; sourceTree = "<group>"; };
		576D8EA92A0310AA003DE880 /* CameraPreview.swift */ = {isa = PBXFileReference; lastKnownFileType = sourcecode.swift; path = CameraPreview.swift; sourceTree = "<group>"; };
		57712DE32A7BD0D500B16DE9 /* ColorInit.swift */ = {isa = PBXFileReference; fileEncoding = 4; lastKnownFileType = sourcecode.swift; path = ColorInit.swift; sourceTree = "<group>"; };
		577357562A73150600903F85 /* PalletDetailView.swift */ = {isa = PBXFileReference; lastKnownFileType = sourcecode.swift; path = PalletDetailView.swift; sourceTree = "<group>"; };
		577357582A73153800903F85 /* PalletDetailView-ViewModel.swift */ = {isa = PBXFileReference; lastKnownFileType = sourcecode.swift; path = "PalletDetailView-ViewModel.swift"; sourceTree = "<group>"; };
		57CC2DAE2D5549A000DF8603 /* StoreKitTestCertificate.cer */ = {isa = PBXFileReference; lastKnownFileType = file; path = StoreKitTestCertificate.cer; sourceTree = "<group>"; };
		57DAA12D2A7B023A00F71CFA /* WatchColorDetailview-ViewModel.swift */ = {isa = PBXFileReference; lastKnownFileType = sourcecode.swift; path = "WatchColorDetailview-ViewModel.swift"; sourceTree = "<group>"; };
		57DDCDFB2A07F93600B53CB7 /* New Colors.swift */ = {isa = PBXFileReference; lastKnownFileType = sourcecode.swift; path = "New Colors.swift"; sourceTree = "<group>"; };
		57DDCDFD2A08007000B53CB7 /* Color Lists.swift */ = {isa = PBXFileReference; lastKnownFileType = sourcecode.swift; path = "Color Lists.swift"; sourceTree = "<group>"; };
		57DDCDFF2A0806C100B53CB7 /* CameraFeed.swift */ = {isa = PBXFileReference; lastKnownFileType = sourcecode.swift; path = CameraFeed.swift; sourceTree = "<group>"; };
		57E77E8C2A82601A0074D4C8 /* visionColorSense.entitlements */ = {isa = PBXFileReference; lastKnownFileType = text.plist.entitlements; path = visionColorSense.entitlements; sourceTree = "<group>"; };
		57E77E8D2A8260240074D4C8 /* Info.plist */ = {isa = PBXFileReference; lastKnownFileType = text.plist; path = Info.plist; sourceTree = "<group>"; };
		57E887002B44C4C40092B5ED /* StoreKit.framework */ = {isa = PBXFileReference; lastKnownFileType = wrapper.framework; name = StoreKit.framework; path = System/Library/Frameworks/StoreKit.framework; sourceTree = SDKROOT; };
		57E887022B44C4D00092B5ED /* StoreKit.framework */ = {isa = PBXFileReference; lastKnownFileType = wrapper.framework; name = StoreKit.framework; path = Platforms/WatchOS.platform/Developer/SDKs/WatchOS10.0.sdk/System/Library/Frameworks/StoreKit.framework; sourceTree = DEVELOPER_DIR; };
		57E887042B44C4D80092B5ED /* StoreKit.framework */ = {isa = PBXFileReference; lastKnownFileType = wrapper.framework; name = StoreKit.framework; path = Platforms/MacOSX.platform/Developer/SDKs/MacOSX14.0.sdk/System/Library/Frameworks/StoreKit.framework; sourceTree = DEVELOPER_DIR; };
		57E887162B465B1C0092B5ED /* SettingsView.swift */ = {isa = PBXFileReference; lastKnownFileType = sourcecode.swift; path = SettingsView.swift; sourceTree = "<group>"; };
		57FF64042D4460ED008BA8C3 /* SubscriptionManager.swift */ = {isa = PBXFileReference; lastKnownFileType = sourcecode.swift; path = SubscriptionManager.swift; sourceTree = "<group>"; };
		57FF64072D446418008BA8C3 /* EntitlementsManager.swift */ = {isa = PBXFileReference; lastKnownFileType = sourcecode.swift; path = EntitlementsManager.swift; sourceTree = "<group>"; };
		57FF640A2D446B78008BA8C3 /* PaywallView.swift */ = {isa = PBXFileReference; lastKnownFileType = sourcecode.swift; path = PaywallView.swift; sourceTree = "<group>"; };
		57FF640D2D446C90008BA8C3 /* ProFeature.swift */ = {isa = PBXFileReference; lastKnownFileType = sourcecode.swift; path = ProFeature.swift; sourceTree = "<group>"; };
/* End PBXFileReference section */

/* Begin PBXFrameworksBuildPhase section */
		5725C59C2A7BCAEC00933331 /* Frameworks */ = {
			isa = PBXFrameworksBuildPhase;
			buildActionMask = 2147483647;
			files = (
				57E887052B44C4D80092B5ED /* StoreKit.framework in Frameworks */,
			);
			runOnlyForDeploymentPostprocessing = 0;
		};
		572720052A7D43CA00BDA48B /* Frameworks */ = {
			isa = PBXFrameworksBuildPhase;
			buildActionMask = 2147483647;
			files = (
				5727200D2A7D43CA00BDA48B /* RealityKitContent in Frameworks */,
			);
			runOnlyForDeploymentPostprocessing = 0;
		};
		576A4F0F2A782E6F00452FA5 /* Frameworks */ = {
			isa = PBXFrameworksBuildPhase;
			buildActionMask = 2147483647;
			files = (
				57E887032B44C4D00092B5ED /* StoreKit.framework in Frameworks */,
			);
			runOnlyForDeploymentPostprocessing = 0;
		};
		576D8E942A031069003DE880 /* Frameworks */ = {
			isa = PBXFrameworksBuildPhase;
			buildActionMask = 2147483647;
			files = (
				57E887012B44C4C40092B5ED /* StoreKit.framework in Frameworks */,
			);
			runOnlyForDeploymentPostprocessing = 0;
		};
/* End PBXFrameworksBuildPhase section */

/* Begin PBXGroup section */
		572053FF2A6896020072DE06 /* Pantone */ = {
			isa = PBXGroup;
			children = (
				572054002A68961F0072DE06 /* pantone-colors.json */,
				572054022A689AE40072DE06 /* PantoneColorArrays.swift */,
				572054052A68A56D0072DE06 /* Pantone.swift */,
			);
			path = Pantone;
			sourceTree = "<group>";
		};
		572054042A689B0F0072DE06 /* Normal Colors */ = {
			isa = PBXGroup;
			children = (
				575301652A0339C2006A68A5 /* colornames.json */,
				576338D52A09C03A0034AF9D /* ColorData.swift */,
			);
			path = "Normal Colors";
			sourceTree = "<group>";
		};
		5725C59A2A7BCA1E00933331 /* View */ = {
			isa = PBXGroup;
			children = (
				576A4F322A782EFF00452FA5 /* WatchColorDetailView.swift */,
				57DAA12D2A7B023A00F71CFA /* WatchColorDetailview-ViewModel.swift */,
				576A4F342A782FB000452FA5 /* WatchPalletListView.swift */,
				576A4F362A782FBE00452FA5 /* WatchPalletDetailView.swift */,
			);
			path = View;
			sourceTree = "<group>";
		};
		5725C5A02A7BCAEC00933331 /* macOSColorSense */ = {
			isa = PBXGroup;
			children = (
				571272972A7DDB1B002F8720 /* Info.plist */,
				5725C5A12A7BCAEC00933331 /* macOSColorSenseApp.swift */,
				5725C5A32A7BCAEC00933331 /* ContentView.swift */,
				5725C5A72A7BCAEF00933331 /* Assets.xcassets */,
				5725C5AC2A7BCAEF00933331 /* macOSColorSense.entitlements */,
				5725C5A92A7BCAEF00933331 /* Preview Content */,
			);
			path = macOSColorSense;
			sourceTree = "<group>";
		};
		5725C5A92A7BCAEF00933331 /* Preview Content */ = {
			isa = PBXGroup;
			children = (
				5725C5AA2A7BCAEF00933331 /* Preview Assets.xcassets */,
			);
			path = "Preview Content";
			sourceTree = "<group>";
		};
		572720092A7D43CA00BDA48B /* visionColorSense */ = {
			isa = PBXGroup;
			children = (
				57E77E8D2A8260240074D4C8 /* Info.plist */,
				57E77E8C2A82601A0074D4C8 /* visionColorSense.entitlements */,
				5727200E2A7D43CA00BDA48B /* visionColorSenseApp.swift */,
				572720102A7D43CA00BDA48B /* ContentView.swift */,
				572720122A7D43CC00BDA48B /* Assets.xcassets */,
				572720142A7D43CC00BDA48B /* Preview Content */,
			);
			path = visionColorSense;
			sourceTree = "<group>";
		};
		5727200A2A7D43CA00BDA48B /* Packages */ = {
			isa = PBXGroup;
			children = (
				5727200B2A7D43CA00BDA48B /* RealityKitContent */,
			);
			path = Packages;
			sourceTree = "<group>";
		};
		572720142A7D43CC00BDA48B /* Preview Content */ = {
			isa = PBXGroup;
			children = (
				572720152A7D43CC00BDA48B /* Preview Assets.xcassets */,
			);
			path = "Preview Content";
			sourceTree = "<group>";
		};
		575301672A033C5E006A68A5 /* Model */ = {
			isa = PBXGroup;
			children = (
				575FFF052D4460A9005FD040 /* Subscriptions */,
				576338C32A09A36C0034AF9D /* Camera */,
				575301702A033D24006A68A5 /* Color Data */,
				576338D22A09BE870034AF9D /* Data Persistance */,
				575301692A033C93006A68A5 /* Extensions */,
			);
			path = Model;
			sourceTree = "<group>";
		};
		575301692A033C93006A68A5 /* Extensions */ = {
			isa = PBXGroup;
			children = (
				5753016E2A033CF0006A68A5 /* Calculate Colors.swift */,
				5753016A2A033C9F006A68A5 /* CIColor.swift */,
				5753016C2A033CC6006A68A5 /* CIImage.swift */,
				576338CC2A09A8980034AF9D /* Color.swift */,
				57712DE32A7BD0D500B16DE9 /* ColorInit.swift */,
				57DDCDFD2A08007000B53CB7 /* Color Lists.swift */,
				57DDCDFB2A07F93600B53CB7 /* New Colors.swift */,
				575301732A034529006A68A5 /* String.swift */,
				576338B82A0997AA0034AF9D /* View.swift */,
				575FFF022D446053005FD040 /* SubscriptionsManager.swift */,
			);
			path = Extensions;
			sourceTree = "<group>";
		};
		575301702A033D24006A68A5 /* Color Data */ = {
			isa = PBXGroup;
			children = (
				572053FF2A6896020072DE06 /* Pantone */,
				572054042A689B0F0072DE06 /* Normal Colors */,
			);
			path = "Color Data";
			sourceTree = "<group>";
		};
		575FFF052D4460A9005FD040 /* Subscriptions */ = {
			isa = PBXGroup;
			children = (
				57FF64042D4460ED008BA8C3 /* SubscriptionManager.swift */,
				57FF64072D446418008BA8C3 /* EntitlementsManager.swift */,
				57FF640D2D446C90008BA8C3 /* ProFeature.swift */,
			);
			path = Subscriptions;
			sourceTree = "<group>";
		};
		576338BA2A0999240034AF9D /* Components */ = {
			isa = PBXGroup;
			children = (
				576338BD2A099B690034AF9D /* ColorCardView.swift */,
				576338C12A099D240034AF9D /* FocusCircleView.swift */,
			);
			path = Components;
			sourceTree = "<group>";
		};
		576338C32A09A36C0034AF9D /* Camera */ = {
			isa = PBXGroup;
			children = (
				576D8EA92A0310AA003DE880 /* CameraPreview.swift */,
				57DDCDFF2A0806C100B53CB7 /* CameraFeed.swift */,
			);
			path = Camera;
			sourceTree = "<group>";
		};
		576338C42A09A3AB0034AF9D /* ViewModel */ = {
			isa = PBXGroup;
			children = (
				576338C52A09A3C50034AF9D /* ContentView-ViewModel.swift */,
				576338CA2A09A5D10034AF9D /* ColorDetailView-ViewModel.swift */,
				577357582A73153800903F85 /* PalletDetailView-ViewModel.swift */,
				576338CE2A09BD280034AF9D /* PalletView-ViewModel.swift */,
			);
			path = ViewModel;
			sourceTree = "<group>";
		};
		576338D22A09BE870034AF9D /* Data Persistance */ = {
			isa = PBXGroup;
			children = (
				572053FD2A6893700072DE06 /* ColorStructure.swift */,
				572053FB2A68900F0072DE06 /* Pallet.swift */,
			);
			path = "Data Persistance";
			sourceTree = "<group>";
		};
		576A4EC32A772C4400452FA5 /* iPhone Views */ = {
			isa = PBXGroup;
			children = (
				576338BF2A099C810034AF9D /* BottomBarView.swift */,
			);
			path = "iPhone Views";
			sourceTree = "<group>";
		};
		576A4EC42A772C6C00452FA5 /* Detail Views */ = {
			isa = PBXGroup;
			children = (
				576338C82A09A5A00034AF9D /* ColorDetailView.swift */,
				577357562A73150600903F85 /* PalletDetailView.swift */,
			);
			path = "Detail Views";
			sourceTree = "<group>";
		};
		576A4EC52A772CCB00452FA5 /* SubViews */ = {
			isa = PBXGroup;
			children = (
				576A4EC42A772C6C00452FA5 /* Detail Views */,
				576338D02A09BD340034AF9D /* PalletListView.swift */,
				57E887162B465B1C0092B5ED /* SettingsView.swift */,
				57FF640A2D446B78008BA8C3 /* PaywallView.swift */,
			);
			path = SubViews;
			sourceTree = "<group>";
		};
		576A4F132A782E6F00452FA5 /* WatchColorSense Watch App */ = {
			isa = PBXGroup;
			children = (
				576A4F3A2A78586400452FA5 /* WatchColorSense Watch App.entitlements */,
				576A4F382A7857F300452FA5 /* WatchColorSense-Watch-App-Info.plist */,
				576A4F142A782E6F00452FA5 /* WatchColorSenseApp.swift */,
				576A4F162A782E6F00452FA5 /* ContentView.swift */,
				576A4F182A782E7200452FA5 /* Assets.xcassets */,
				576A4F1A2A782E7200452FA5 /* Preview Content */,
				5725C59A2A7BCA1E00933331 /* View */,
			);
			path = "WatchColorSense Watch App";
			sourceTree = "<group>";
		};
		576A4F1A2A782E7200452FA5 /* Preview Content */ = {
			isa = PBXGroup;
			children = (
				576A4F1B2A782E7200452FA5 /* Preview Assets.xcassets */,
			);
			path = "Preview Content";
			sourceTree = "<group>";
		};
		576D8E8E2A031069003DE880 = {
			isa = PBXGroup;
			children = (
				575FFF002D441E56005FD040 /* ColorSense: Color Identifier.storekit */,
				57CC2DAE2D5549A000DF8603 /* StoreKitTestCertificate.cer */,
				576D8E992A031069003DE880 /* ColorSense */,
				576A4F132A782E6F00452FA5 /* WatchColorSense Watch App */,
				5725C5A02A7BCAEC00933331 /* macOSColorSense */,
				572720092A7D43CA00BDA48B /* visionColorSense */,
				5727200A2A7D43CA00BDA48B /* Packages */,
				576D8E982A031069003DE880 /* Products */,
				57E886FF2B44C4C40092B5ED /* Frameworks */,
			);
			sourceTree = "<group>";
		};
		576D8E982A031069003DE880 /* Products */ = {
			isa = PBXGroup;
			children = (
				576D8E972A031069003DE880 /* ColorSense.app */,
				576A4F122A782E6F00452FA5 /* WatchColorSense Watch App.app */,
				5725C59F2A7BCAEC00933331 /* macOSColorSense.app */,
				572720082A7D43CA00BDA48B /* visionColorSense.app */,
			);
			name = Products;
			sourceTree = "<group>";
		};
		576D8E992A031069003DE880 /* ColorSense */ = {
			isa = PBXGroup;
			children = (
				576A4F392A78580B00452FA5 /* ColorSense.entitlements */,
				576A4EC22A742EF700452FA5 /* Info.plist */,
				576D8E9A2A031069003DE880 /* ColorSenseApp.swift */,
				575301672A033C5E006A68A5 /* Model */,
				576D8EA82A031079003DE880 /* View */,
				576338C42A09A3AB0034AF9D /* ViewModel */,
				576D8E9E2A03106A003DE880 /* Assets.xcassets */,
				576D8EA02A03106A003DE880 /* Preview Content */,
			);
			path = ColorSense;
			sourceTree = "<group>";
		};
		576D8EA02A03106A003DE880 /* Preview Content */ = {
			isa = PBXGroup;
			children = (
				576D8EA12A03106A003DE880 /* Preview Assets.xcassets */,
			);
			path = "Preview Content";
			sourceTree = "<group>";
		};
		576D8EA82A031079003DE880 /* View */ = {
			isa = PBXGroup;
			children = (
				576D8E9C2A031069003DE880 /* ContentView.swift */,
				576A4EC32A772C4400452FA5 /* iPhone Views */,
				576338BA2A0999240034AF9D /* Components */,
				576A4EC52A772CCB00452FA5 /* SubViews */,
			);
			path = View;
			sourceTree = "<group>";
		};
		57E886FF2B44C4C40092B5ED /* Frameworks */ = {
			isa = PBXGroup;
			children = (
				57E887042B44C4D80092B5ED /* StoreKit.framework */,
				57E887022B44C4D00092B5ED /* StoreKit.framework */,
				57E887002B44C4C40092B5ED /* StoreKit.framework */,
			);
			name = Frameworks;
			sourceTree = "<group>";
		};
/* End PBXGroup section */

/* Begin PBXNativeTarget section */
		5725C59E2A7BCAEC00933331 /* macOSColorSense */ = {
			isa = PBXNativeTarget;
			buildConfigurationList = 5725C5AD2A7BCAEF00933331 /* Build configuration list for PBXNativeTarget "macOSColorSense" */;
			buildPhases = (
				5725C59B2A7BCAEC00933331 /* Sources */,
				5725C59C2A7BCAEC00933331 /* Frameworks */,
				5725C59D2A7BCAEC00933331 /* Resources */,
			);
			buildRules = (
			);
			dependencies = (
			);
			name = macOSColorSense;
			packageProductDependencies = (
			);
			productName = macOSColorSense;
			productReference = 5725C59F2A7BCAEC00933331 /* macOSColorSense.app */;
			productType = "com.apple.product-type.application";
		};
		572720072A7D43CA00BDA48B /* visionColorSense */ = {
			isa = PBXNativeTarget;
			buildConfigurationList = 572720172A7D43CC00BDA48B /* Build configuration list for PBXNativeTarget "visionColorSense" */;
			buildPhases = (
				572720042A7D43CA00BDA48B /* Sources */,
				572720052A7D43CA00BDA48B /* Frameworks */,
				572720062A7D43CA00BDA48B /* Resources */,
			);
			buildRules = (
			);
			dependencies = (
			);
			name = visionColorSense;
			packageProductDependencies = (
				5727200C2A7D43CA00BDA48B /* RealityKitContent */,
			);
			productName = visionColorSense;
			productReference = 572720082A7D43CA00BDA48B /* visionColorSense.app */;
			productType = "com.apple.product-type.application";
		};
		576A4F112A782E6F00452FA5 /* WatchColorSense Watch App */ = {
			isa = PBXNativeTarget;
			buildConfigurationList = 576A4F202A782E7200452FA5 /* Build configuration list for PBXNativeTarget "WatchColorSense Watch App" */;
			buildPhases = (
				576A4F0E2A782E6F00452FA5 /* Sources */,
				576A4F0F2A782E6F00452FA5 /* Frameworks */,
				576A4F102A782E6F00452FA5 /* Resources */,
			);
			buildRules = (
			);
			dependencies = (
			);
			name = "WatchColorSense Watch App";
			packageProductDependencies = (
			);
			productName = "WatchColorSense Watch App";
			productReference = 576A4F122A782E6F00452FA5 /* WatchColorSense Watch App.app */;
			productType = "com.apple.product-type.application";
		};
		576D8E962A031069003DE880 /* ColorSense */ = {
			isa = PBXNativeTarget;
			buildConfigurationList = 576D8EA52A03106A003DE880 /* Build configuration list for PBXNativeTarget "ColorSense" */;
			buildPhases = (
				576D8E932A031069003DE880 /* Sources */,
				576D8E942A031069003DE880 /* Frameworks */,
				576D8E952A031069003DE880 /* Resources */,
				576A4EDB2A7822E600452FA5 /* Embed Watch Content */,
			);
			buildRules = (
			);
			dependencies = (
				576A4F1E2A782E7200452FA5 /* PBXTargetDependency */,
			);
			name = ColorSense;
			packageProductDependencies = (
			);
			productName = ColorSense;
			productReference = 576D8E972A031069003DE880 /* ColorSense.app */;
			productType = "com.apple.product-type.application";
		};
/* End PBXNativeTarget section */

/* Begin PBXProject section */
		576D8E8F2A031069003DE880 /* Project object */ = {
			isa = PBXProject;
			attributes = {
				BuildIndependentTargetsInParallel = 1;
				LastSwiftUpdateCheck = 1500;
				LastUpgradeCheck = 1620;
				TargetAttributes = {
					5725C59E2A7BCAEC00933331 = {
						CreatedOnToolsVersion = 15.0;
					};
					572720072A7D43CA00BDA48B = {
						CreatedOnToolsVersion = 15.0;
					};
					576A4F112A782E6F00452FA5 = {
						CreatedOnToolsVersion = 15.0;
					};
					576D8E962A031069003DE880 = {
						CreatedOnToolsVersion = 14.3;
					};
				};
			};
			buildConfigurationList = 576D8E922A031069003DE880 /* Build configuration list for PBXProject "ColorSense" */;
			compatibilityVersion = "Xcode 14.0";
			developmentRegion = en;
			hasScannedForEncodings = 0;
			knownRegions = (
				en,
				Base,
			);
			mainGroup = 576D8E8E2A031069003DE880;
			packageReferences = (
			);
			productRefGroup = 576D8E982A031069003DE880 /* Products */;
			projectDirPath = "";
			projectRoot = "";
			targets = (
				576D8E962A031069003DE880 /* ColorSense */,
				576A4F112A782E6F00452FA5 /* WatchColorSense Watch App */,
				5725C59E2A7BCAEC00933331 /* macOSColorSense */,
				572720072A7D43CA00BDA48B /* visionColorSense */,
			);
		};
/* End PBXProject section */

/* Begin PBXResourcesBuildPhase section */
		5725C59D2A7BCAEC00933331 /* Resources */ = {
			isa = PBXResourcesBuildPhase;
			buildActionMask = 2147483647;
			files = (
				5725C5B32A7BCB6E00933331 /* colornames.json in Resources */,
				5725C5AB2A7BCAEF00933331 /* Preview Assets.xcassets in Resources */,
				5725C5A82A7BCAEF00933331 /* Assets.xcassets in Resources */,
				5725C5BD2A7BCB6E00933331 /* pantone-colors.json in Resources */,
			);
			runOnlyForDeploymentPostprocessing = 0;
		};
		572720062A7D43CA00BDA48B /* Resources */ = {
			isa = PBXResourcesBuildPhase;
			buildActionMask = 2147483647;
			files = (
				572720162A7D43CC00BDA48B /* Preview Assets.xcassets in Resources */,
				572720132A7D43CC00BDA48B /* Assets.xcassets in Resources */,
			);
			runOnlyForDeploymentPostprocessing = 0;
		};
		576A4F102A782E6F00452FA5 /* Resources */ = {
			isa = PBXResourcesBuildPhase;
			buildActionMask = 2147483647;
			files = (
				576A4F232A782EE000452FA5 /* colornames.json in Resources */,
				576A4F1C2A782E7200452FA5 /* Preview Assets.xcassets in Resources */,
				576A4F192A782E7200452FA5 /* Assets.xcassets in Resources */,
				576A4F312A782EE000452FA5 /* pantone-colors.json in Resources */,
			);
			runOnlyForDeploymentPostprocessing = 0;
		};
		576D8E952A031069003DE880 /* Resources */ = {
			isa = PBXResourcesBuildPhase;
			buildActionMask = 2147483647;
			files = (
				575301662A0339C2006A68A5 /* colornames.json in Resources */,
				576D8EA22A03106A003DE880 /* Preview Assets.xcassets in Resources */,
				576D8E9F2A03106A003DE880 /* Assets.xcassets in Resources */,
				575FFF012D441E56005FD040 /* ColorSense: Color Identifier.storekit in Resources */,
				572054012A68961F0072DE06 /* pantone-colors.json in Resources */,
				57CC2DAF2D5549A000DF8603 /* StoreKitTestCertificate.cer in Resources */,
			);
			runOnlyForDeploymentPostprocessing = 0;
		};
/* End PBXResourcesBuildPhase section */

/* Begin PBXSourcesBuildPhase section */
		5725C59B2A7BCAEC00933331 /* Sources */ = {
			isa = PBXSourcesBuildPhase;
			buildActionMask = 2147483647;
			files = (
				5725C5B52A7BCB6E00933331 /* Pallet.swift in Sources */,
				5725C5B82A7BCB6E00933331 /* ColorData.swift in Sources */,
				5725C5A42A7BCAEC00933331 /* ContentView.swift in Sources */,
				57E887182B465B1C0092B5ED /* SettingsView.swift in Sources */,
				5725C5B22A7BCB6E00933331 /* Pantone.swift in Sources */,
				5725C5A22A7BCAEC00933331 /* macOSColorSenseApp.swift in Sources */,
				57712DE62A7BD0D500B16DE9 /* ColorInit.swift in Sources */,
				57FF640C2D446B78008BA8C3 /* PaywallView.swift in Sources */,
				5725C5B02A7BCB6E00933331 /* ColorStructure.swift in Sources */,
				5725C5B12A7BCB6E00933331 /* PantoneColorArrays.swift in Sources */,
			);
			runOnlyForDeploymentPostprocessing = 0;
		};
		572720042A7D43CA00BDA48B /* Sources */ = {
			isa = PBXSourcesBuildPhase;
			buildActionMask = 2147483647;
			files = (
				572720112A7D43CA00BDA48B /* ContentView.swift in Sources */,
				57ED35662AAAA5D000BAFD76 /* Pallet.swift in Sources */,
				577BEB5C2A9A54800071E977 /* ColorStructure.swift in Sources */,
				5727200F2A7D43CA00BDA48B /* visionColorSenseApp.swift in Sources */,
			);
			runOnlyForDeploymentPostprocessing = 0;
		};
		576A4F0E2A782E6F00452FA5 /* Sources */ = {
			isa = PBXSourcesBuildPhase;
			buildActionMask = 2147483647;
			files = (
				576A4F282A782EE000452FA5 /* Pallet.swift in Sources */,
				57712DE52A7BD0D500B16DE9 /* ColorInit.swift in Sources */,
				576A4F372A782FBE00452FA5 /* WatchPalletDetailView.swift in Sources */,
				576A4F172A782E6F00452FA5 /* ContentView.swift in Sources */,
				57FF640E2D446C90008BA8C3 /* ProFeature.swift in Sources */,
				576A4F2B2A782EE000452FA5 /* String.swift in Sources */,
				576A4F2C2A782EE000452FA5 /* ColorData.swift in Sources */,
				576A4F2D2A782EE000452FA5 /* PantoneColorArrays.swift in Sources */,
				576A4F2E2A782EE000452FA5 /* ColorStructure.swift in Sources */,
				576A4F2F2A782EE000452FA5 /* Calculate Colors.swift in Sources */,
				57FF64092D446418008BA8C3 /* EntitlementsManager.swift in Sources */,
				575FFF032D446053005FD040 /* SubscriptionsManager.swift in Sources */,
				576A4F262A782EE000452FA5 /* View.swift in Sources */,
				576A4F2A2A782EE000452FA5 /* Pantone.swift in Sources */,
				576A4F302A782EE000452FA5 /* Color Lists.swift in Sources */,
				576A4F152A782E6F00452FA5 /* WatchColorSenseApp.swift in Sources */,
				57DAA12E2A7B023A00F71CFA /* WatchColorDetailview-ViewModel.swift in Sources */,
				576A4F332A782EFF00452FA5 /* WatchColorDetailView.swift in Sources */,
				57FF64062D4460ED008BA8C3 /* SubscriptionManager.swift in Sources */,
				576A4F352A782FB000452FA5 /* WatchPalletListView.swift in Sources */,
				576A4F272A782EE000452FA5 /* Color.swift in Sources */,
				576A4F292A782EE000452FA5 /* New Colors.swift in Sources */,
			);
			runOnlyForDeploymentPostprocessing = 0;
		};
		576D8E932A031069003DE880 /* Sources */ = {
			isa = PBXSourcesBuildPhase;
			buildActionMask = 2147483647;
			files = (
				57FF640F2D446C90008BA8C3 /* ProFeature.swift in Sources */,
				57DDCDFE2A08007000B53CB7 /* Color Lists.swift in Sources */,
				572053FE2A6893700072DE06 /* ColorStructure.swift in Sources */,
				5753016D2A033CC6006A68A5 /* CIImage.swift in Sources */,
				572053FC2A68900F0072DE06 /* Pallet.swift in Sources */,
				5753016F2A033CF0006A68A5 /* Calculate Colors.swift in Sources */,
				576338C02A099C810034AF9D /* BottomBarView.swift in Sources */,
				576338D12A09BD340034AF9D /* PalletListView.swift in Sources */,
				576338CF2A09BD280034AF9D /* PalletView-ViewModel.swift in Sources */,
				576D8EAA2A0310AA003DE880 /* CameraPreview.swift in Sources */,
				57FF64052D4460ED008BA8C3 /* SubscriptionManager.swift in Sources */,
				572054032A689AE40072DE06 /* PantoneColorArrays.swift in Sources */,
				57FF64082D446418008BA8C3 /* EntitlementsManager.swift in Sources */,
				576338CB2A09A5D10034AF9D /* ColorDetailView-ViewModel.swift in Sources */,
				576D8E9D2A031069003DE880 /* ContentView.swift in Sources */,
				576338C92A09A5A00034AF9D /* ColorDetailView.swift in Sources */,
				576D8E9B2A031069003DE880 /* ColorSenseApp.swift in Sources */,
				57FF640B2D446B78008BA8C3 /* PaywallView.swift in Sources */,
				575FFF042D446053005FD040 /* SubscriptionsManager.swift in Sources */,
				576338C62A09A3C50034AF9D /* ContentView-ViewModel.swift in Sources */,
				57E887172B465B1C0092B5ED /* SettingsView.swift in Sources */,
				575301742A034529006A68A5 /* String.swift in Sources */,
				577357572A73150600903F85 /* PalletDetailView.swift in Sources */,
				576338CD2A09A8980034AF9D /* Color.swift in Sources */,
				576338D62A09C03A0034AF9D /* ColorData.swift in Sources */,
				572054062A68A56D0072DE06 /* Pantone.swift in Sources */,
				576338B92A0997AA0034AF9D /* View.swift in Sources */,
				57712DE42A7BD0D500B16DE9 /* ColorInit.swift in Sources */,
				576338BE2A099B690034AF9D /* ColorCardView.swift in Sources */,
				5753016B2A033C9F006A68A5 /* CIColor.swift in Sources */,
				577357592A73153800903F85 /* PalletDetailView-ViewModel.swift in Sources */,
				576338C22A099D240034AF9D /* FocusCircleView.swift in Sources */,
				57DDCDFC2A07F93600B53CB7 /* New Colors.swift in Sources */,
				57DDCE002A0806C100B53CB7 /* CameraFeed.swift in Sources */,
			);
			runOnlyForDeploymentPostprocessing = 0;
		};
/* End PBXSourcesBuildPhase section */

/* Begin PBXTargetDependency section */
		576A4F1E2A782E7200452FA5 /* PBXTargetDependency */ = {
			isa = PBXTargetDependency;
			target = 576A4F112A782E6F00452FA5 /* WatchColorSense Watch App */;
			targetProxy = 576A4F1D2A782E7200452FA5 /* PBXContainerItemProxy */;
		};
/* End PBXTargetDependency section */

/* Begin XCBuildConfiguration section */
		5725C5AE2A7BCAEF00933331 /* Debug */ = {
			isa = XCBuildConfiguration;
			buildSettings = {
				ASSETCATALOG_COMPILER_APPICON_NAME = AppIcon;
				ASSETCATALOG_COMPILER_GENERATE_SWIFT_ASSET_SYMBOL_EXTENSIONS = YES;
				ASSETCATALOG_COMPILER_GLOBAL_ACCENT_COLOR_NAME = AccentColor;
				CODE_SIGN_ENTITLEMENTS = macOSColorSense/macOSColorSense.entitlements;
				CODE_SIGN_STYLE = Automatic;
				COMBINE_HIDPI_IMAGES = YES;
				CURRENT_PROJECT_VERSION = 1;
				DEAD_CODE_STRIPPING = YES;
				DEVELOPMENT_ASSET_PATHS = "\"macOSColorSense/Preview Content\"";
				DEVELOPMENT_TEAM = 3LPAZYKA42;
				ENABLE_HARDENED_RUNTIME = YES;
				ENABLE_PREVIEWS = YES;
				GCC_C_LANGUAGE_STANDARD = gnu17;
				GENERATE_INFOPLIST_FILE = YES;
				INFOPLIST_FILE = macOSColorSense/Info.plist;
				INFOPLIST_KEY_CFBundleDisplayName = ColorSense;
				INFOPLIST_KEY_LSApplicationCategoryType = "public.app-category.productivity";
				INFOPLIST_KEY_LSUIElement = YES;
				INFOPLIST_KEY_NSHumanReadableCopyright = "";
				LD_RUNPATH_SEARCH_PATHS = (
					"$(inherited)",
					"@executable_path/../Frameworks",
				);
				LOCALIZATION_PREFERS_STRING_CATALOGS = YES;
				MACOSX_DEPLOYMENT_TARGET = 14.0;
				MARKETING_VERSION = 1.0;
				MTL_ENABLE_DEBUG_INFO = INCLUDE_SOURCE;
				PRODUCT_BUNDLE_IDENTIFIER = com.wells.justin.ColorSense.macOS;
				PRODUCT_NAME = "$(TARGET_NAME)";
				SDKROOT = macosx;
				SWIFT_ACTIVE_COMPILATION_CONDITIONS = "DEBUG $(inherited)";
				SWIFT_EMIT_LOC_STRINGS = YES;
				SWIFT_VERSION = 5.0;
			};
			name = Debug;
		};
		5725C5AF2A7BCAEF00933331 /* Release */ = {
			isa = XCBuildConfiguration;
			buildSettings = {
				ASSETCATALOG_COMPILER_APPICON_NAME = AppIcon;
				ASSETCATALOG_COMPILER_GENERATE_SWIFT_ASSET_SYMBOL_EXTENSIONS = YES;
				ASSETCATALOG_COMPILER_GLOBAL_ACCENT_COLOR_NAME = AccentColor;
				CODE_SIGN_ENTITLEMENTS = macOSColorSense/macOSColorSense.entitlements;
				CODE_SIGN_STYLE = Automatic;
				COMBINE_HIDPI_IMAGES = YES;
				CURRENT_PROJECT_VERSION = 1;
				DEAD_CODE_STRIPPING = YES;
				DEVELOPMENT_ASSET_PATHS = "\"macOSColorSense/Preview Content\"";
				DEVELOPMENT_TEAM = 3LPAZYKA42;
				ENABLE_HARDENED_RUNTIME = YES;
				ENABLE_PREVIEWS = YES;
				GCC_C_LANGUAGE_STANDARD = gnu17;
				GENERATE_INFOPLIST_FILE = YES;
				INFOPLIST_FILE = macOSColorSense/Info.plist;
				INFOPLIST_KEY_CFBundleDisplayName = ColorSense;
				INFOPLIST_KEY_LSApplicationCategoryType = "public.app-category.productivity";
				INFOPLIST_KEY_LSUIElement = YES;
				INFOPLIST_KEY_NSHumanReadableCopyright = "";
				LD_RUNPATH_SEARCH_PATHS = (
					"$(inherited)",
					"@executable_path/../Frameworks",
				);
				LOCALIZATION_PREFERS_STRING_CATALOGS = YES;
				MACOSX_DEPLOYMENT_TARGET = 14.0;
				MARKETING_VERSION = 1.0;
				MTL_ENABLE_DEBUG_INFO = NO;
				PRODUCT_BUNDLE_IDENTIFIER = com.wells.justin.ColorSense.macOS;
				PRODUCT_NAME = "$(TARGET_NAME)";
				SDKROOT = macosx;
				SWIFT_EMIT_LOC_STRINGS = YES;
				SWIFT_VERSION = 5.0;
			};
			name = Release;
		};
		572720182A7D43CC00BDA48B /* Debug */ = {
			isa = XCBuildConfiguration;
			buildSettings = {
				ASSETCATALOG_COMPILER_APPICON_NAME = AppIcon;
				ASSETCATALOG_COMPILER_GENERATE_SWIFT_ASSET_SYMBOL_EXTENSIONS = YES;
				ASSETCATALOG_COMPILER_GLOBAL_ACCENT_COLOR_NAME = AccentColor;
				CODE_SIGN_ENTITLEMENTS = visionColorSense/visionColorSense.entitlements;
				CODE_SIGN_STYLE = Automatic;
				CURRENT_PROJECT_VERSION = 1;
				DEVELOPMENT_ASSET_PATHS = "\"visionColorSense/Preview Content\"";
				DEVELOPMENT_TEAM = 3LPAZYKA42;
				ENABLE_PREVIEWS = YES;
				GCC_C_LANGUAGE_STANDARD = gnu17;
				GENERATE_INFOPLIST_FILE = YES;
				INFOPLIST_FILE = visionColorSense/Info.plist;
				INFOPLIST_KEY_CFBundleDisplayName = ColorSense;
				INFOPLIST_KEY_LSApplicationCategoryType = "public.app-category.productivity";
				INFOPLIST_KEY_UIApplicationSceneManifest_Generation = YES;
				LD_RUNPATH_SEARCH_PATHS = (
					"$(inherited)",
					"@executable_path/Frameworks",
				);
				LOCALIZATION_PREFERS_STRING_CATALOGS = YES;
				MARKETING_VERSION = 1.0;
				MTL_ENABLE_DEBUG_INFO = INCLUDE_SOURCE;
				PRODUCT_BUNDLE_IDENTIFIER = com.wells.justin.visionColorSense;
				PRODUCT_NAME = "$(TARGET_NAME)";
				SDKROOT = xros;
				SUPPORTED_PLATFORMS = "xros xrsimulator";
				SWIFT_ACTIVE_COMPILATION_CONDITIONS = "DEBUG $(inherited)";
				SWIFT_EMIT_LOC_STRINGS = YES;
				SWIFT_VERSION = 5.0;
				TARGETED_DEVICE_FAMILY = "1,2,7";
				XROS_DEPLOYMENT_TARGET = 1.0;
			};
			name = Debug;
		};
		572720192A7D43CC00BDA48B /* Release */ = {
			isa = XCBuildConfiguration;
			buildSettings = {
				ASSETCATALOG_COMPILER_APPICON_NAME = AppIcon;
				ASSETCATALOG_COMPILER_GENERATE_SWIFT_ASSET_SYMBOL_EXTENSIONS = YES;
				ASSETCATALOG_COMPILER_GLOBAL_ACCENT_COLOR_NAME = AccentColor;
				CODE_SIGN_ENTITLEMENTS = visionColorSense/visionColorSense.entitlements;
				CODE_SIGN_STYLE = Automatic;
				CURRENT_PROJECT_VERSION = 1;
				DEVELOPMENT_ASSET_PATHS = "\"visionColorSense/Preview Content\"";
				DEVELOPMENT_TEAM = 3LPAZYKA42;
				ENABLE_PREVIEWS = YES;
				GCC_C_LANGUAGE_STANDARD = gnu17;
				GENERATE_INFOPLIST_FILE = YES;
				INFOPLIST_FILE = visionColorSense/Info.plist;
				INFOPLIST_KEY_CFBundleDisplayName = ColorSense;
				INFOPLIST_KEY_LSApplicationCategoryType = "public.app-category.productivity";
				INFOPLIST_KEY_UIApplicationSceneManifest_Generation = YES;
				LD_RUNPATH_SEARCH_PATHS = (
					"$(inherited)",
					"@executable_path/Frameworks",
				);
				LOCALIZATION_PREFERS_STRING_CATALOGS = YES;
				MARKETING_VERSION = 1.0;
				MTL_ENABLE_DEBUG_INFO = NO;
				PRODUCT_BUNDLE_IDENTIFIER = com.wells.justin.visionColorSense;
				PRODUCT_NAME = "$(TARGET_NAME)";
				SDKROOT = xros;
				SUPPORTED_PLATFORMS = "xros xrsimulator";
				SWIFT_EMIT_LOC_STRINGS = YES;
				SWIFT_VERSION = 5.0;
				TARGETED_DEVICE_FAMILY = "1,2,7";
				XROS_DEPLOYMENT_TARGET = 1.0;
			};
			name = Release;
		};
		576A4F212A782E7200452FA5 /* Debug */ = {
			isa = XCBuildConfiguration;
			buildSettings = {
				ASSETCATALOG_COMPILER_APPICON_NAME = AppIcon;
				ASSETCATALOG_COMPILER_GENERATE_SWIFT_ASSET_SYMBOL_EXTENSIONS = YES;
				ASSETCATALOG_COMPILER_GLOBAL_ACCENT_COLOR_NAME = AccentColor;
				CODE_SIGN_ENTITLEMENTS = "WatchColorSense Watch App/WatchColorSense Watch App.entitlements";
				CODE_SIGN_STYLE = Automatic;
				CURRENT_PROJECT_VERSION = 1;
				DEVELOPMENT_ASSET_PATHS = "\"WatchColorSense Watch App/Preview Content\"";
				DEVELOPMENT_TEAM = 3LPAZYKA42;
				ENABLE_PREVIEWS = YES;
				GCC_C_LANGUAGE_STANDARD = gnu17;
				GENERATE_INFOPLIST_FILE = YES;
				INFOPLIST_FILE = "WatchColorSense-Watch-App-Info.plist";
				INFOPLIST_KEY_CFBundleDisplayName = ColorSense;
				INFOPLIST_KEY_UISupportedInterfaceOrientations = "UIInterfaceOrientationPortrait UIInterfaceOrientationPortraitUpsideDown";
				INFOPLIST_KEY_WKCompanionAppBundleIdentifier = com.wells.justin.ColorSenseiOS;
				INFOPLIST_KEY_WKRunsIndependentlyOfCompanionApp = YES;
				LD_RUNPATH_SEARCH_PATHS = (
					"$(inherited)",
					"@executable_path/Frameworks",
				);
				LOCALIZATION_PREFERS_STRING_CATALOGS = YES;
				MARKETING_VERSION = 1.0;
				MTL_ENABLE_DEBUG_INFO = INCLUDE_SOURCE;
				PRODUCT_BUNDLE_IDENTIFIER = com.wells.justin.ColorSenseiOS.watchkitapp;
				PRODUCT_NAME = "$(TARGET_NAME)";
				SDKROOT = watchos;
				SKIP_INSTALL = YES;
				SWIFT_ACTIVE_COMPILATION_CONDITIONS = "DEBUG $(inherited)";
				SWIFT_EMIT_LOC_STRINGS = YES;
				SWIFT_VERSION = 5.0;
				TARGETED_DEVICE_FAMILY = 4;
				WATCHOS_DEPLOYMENT_TARGET = 10.0;
			};
			name = Debug;
		};
		576A4F222A782E7200452FA5 /* Release */ = {
			isa = XCBuildConfiguration;
			buildSettings = {
				ASSETCATALOG_COMPILER_APPICON_NAME = AppIcon;
				ASSETCATALOG_COMPILER_GENERATE_SWIFT_ASSET_SYMBOL_EXTENSIONS = YES;
				ASSETCATALOG_COMPILER_GLOBAL_ACCENT_COLOR_NAME = AccentColor;
				CODE_SIGN_ENTITLEMENTS = "WatchColorSense Watch App/WatchColorSense Watch App.entitlements";
				CODE_SIGN_STYLE = Automatic;
				CURRENT_PROJECT_VERSION = 1;
				DEVELOPMENT_ASSET_PATHS = "\"WatchColorSense Watch App/Preview Content\"";
				DEVELOPMENT_TEAM = 3LPAZYKA42;
				ENABLE_PREVIEWS = YES;
				GCC_C_LANGUAGE_STANDARD = gnu17;
				GENERATE_INFOPLIST_FILE = YES;
				INFOPLIST_FILE = "WatchColorSense-Watch-App-Info.plist";
				INFOPLIST_KEY_CFBundleDisplayName = ColorSense;
				INFOPLIST_KEY_UISupportedInterfaceOrientations = "UIInterfaceOrientationPortrait UIInterfaceOrientationPortraitUpsideDown";
				INFOPLIST_KEY_WKCompanionAppBundleIdentifier = com.wells.justin.ColorSenseiOS;
				INFOPLIST_KEY_WKRunsIndependentlyOfCompanionApp = YES;
				LD_RUNPATH_SEARCH_PATHS = (
					"$(inherited)",
					"@executable_path/Frameworks",
				);
				LOCALIZATION_PREFERS_STRING_CATALOGS = YES;
				MARKETING_VERSION = 1.0;
				MTL_ENABLE_DEBUG_INFO = NO;
				PRODUCT_BUNDLE_IDENTIFIER = com.wells.justin.ColorSenseiOS.watchkitapp;
				PRODUCT_NAME = "$(TARGET_NAME)";
				SDKROOT = watchos;
				SKIP_INSTALL = YES;
				SWIFT_EMIT_LOC_STRINGS = YES;
				SWIFT_VERSION = 5.0;
				TARGETED_DEVICE_FAMILY = 4;
				WATCHOS_DEPLOYMENT_TARGET = 10.0;
			};
			name = Release;
		};
		576D8EA32A03106A003DE880 /* Debug */ = {
			isa = XCBuildConfiguration;
			buildSettings = {
				ALWAYS_SEARCH_USER_PATHS = NO;
				CLANG_ANALYZER_NONNULL = YES;
				CLANG_ANALYZER_NUMBER_OBJECT_CONVERSION = YES_AGGRESSIVE;
				CLANG_CXX_LANGUAGE_STANDARD = "gnu++20";
				CLANG_ENABLE_MODULES = YES;
				CLANG_ENABLE_OBJC_ARC = YES;
				CLANG_ENABLE_OBJC_WEAK = YES;
				CLANG_WARN_BLOCK_CAPTURE_AUTORELEASING = YES;
				CLANG_WARN_BOOL_CONVERSION = YES;
				CLANG_WARN_COMMA = YES;
				CLANG_WARN_CONSTANT_CONVERSION = YES;
				CLANG_WARN_DEPRECATED_OBJC_IMPLEMENTATIONS = YES;
				CLANG_WARN_DIRECT_OBJC_ISA_USAGE = YES_ERROR;
				CLANG_WARN_DOCUMENTATION_COMMENTS = YES;
				CLANG_WARN_EMPTY_BODY = YES;
				CLANG_WARN_ENUM_CONVERSION = YES;
				CLANG_WARN_INFINITE_RECURSION = YES;
				CLANG_WARN_INT_CONVERSION = YES;
				CLANG_WARN_NON_LITERAL_NULL_CONVERSION = YES;
				CLANG_WARN_OBJC_IMPLICIT_RETAIN_SELF = YES;
				CLANG_WARN_OBJC_LITERAL_CONVERSION = YES;
				CLANG_WARN_OBJC_ROOT_CLASS = YES_ERROR;
				CLANG_WARN_QUOTED_INCLUDE_IN_FRAMEWORK_HEADER = YES;
				CLANG_WARN_RANGE_LOOP_ANALYSIS = YES;
				CLANG_WARN_STRICT_PROTOTYPES = YES;
				CLANG_WARN_SUSPICIOUS_MOVE = YES;
				CLANG_WARN_UNGUARDED_AVAILABILITY = YES_AGGRESSIVE;
				CLANG_WARN_UNREACHABLE_CODE = YES;
				CLANG_WARN__DUPLICATE_METHOD_MATCH = YES;
				COPY_PHASE_STRIP = NO;
				DEBUG_INFORMATION_FORMAT = dwarf;
				ENABLE_STRICT_OBJC_MSGSEND = YES;
				ENABLE_TESTABILITY = YES;
				ENABLE_USER_SCRIPT_SANDBOXING = YES;
				GCC_C_LANGUAGE_STANDARD = gnu11;
				GCC_DYNAMIC_NO_PIC = NO;
				GCC_NO_COMMON_BLOCKS = YES;
				GCC_OPTIMIZATION_LEVEL = 0;
				GCC_PREPROCESSOR_DEFINITIONS = (
					"DEBUG=1",
					"$(inherited)",
				);
				GCC_WARN_64_TO_32_BIT_CONVERSION = YES;
				GCC_WARN_ABOUT_RETURN_TYPE = YES_ERROR;
				GCC_WARN_UNDECLARED_SELECTOR = YES;
				GCC_WARN_UNINITIALIZED_AUTOS = YES_AGGRESSIVE;
				GCC_WARN_UNUSED_FUNCTION = YES;
				GCC_WARN_UNUSED_VARIABLE = YES;
				IPHONEOS_DEPLOYMENT_TARGET = 17.0;
				MACOSX_DEPLOYMENT_TARGET = 14.0;
				MTL_ENABLE_DEBUG_INFO = No;
				MTL_FAST_MATH = YES;
				ONLY_ACTIVE_ARCH = YES;
				SDKROOT = iphoneos;
				SWIFT_ACTIVE_COMPILATION_CONDITIONS = DEBUG;
				SWIFT_OPTIMIZATION_LEVEL = "-Onone";
				WATCHOS_DEPLOYMENT_TARGET = 10.0;
				XROS_DEPLOYMENT_TARGET = 1.0;
			};
			name = Debug;
		};
		576D8EA42A03106A003DE880 /* Release */ = {
			isa = XCBuildConfiguration;
			buildSettings = {
				ALWAYS_SEARCH_USER_PATHS = NO;
				CLANG_ANALYZER_NONNULL = YES;
				CLANG_ANALYZER_NUMBER_OBJECT_CONVERSION = YES_AGGRESSIVE;
				CLANG_CXX_LANGUAGE_STANDARD = "gnu++20";
				CLANG_ENABLE_MODULES = YES;
				CLANG_ENABLE_OBJC_ARC = YES;
				CLANG_ENABLE_OBJC_WEAK = YES;
				CLANG_WARN_BLOCK_CAPTURE_AUTORELEASING = YES;
				CLANG_WARN_BOOL_CONVERSION = YES;
				CLANG_WARN_COMMA = YES;
				CLANG_WARN_CONSTANT_CONVERSION = YES;
				CLANG_WARN_DEPRECATED_OBJC_IMPLEMENTATIONS = YES;
				CLANG_WARN_DIRECT_OBJC_ISA_USAGE = YES_ERROR;
				CLANG_WARN_DOCUMENTATION_COMMENTS = YES;
				CLANG_WARN_EMPTY_BODY = YES;
				CLANG_WARN_ENUM_CONVERSION = YES;
				CLANG_WARN_INFINITE_RECURSION = YES;
				CLANG_WARN_INT_CONVERSION = YES;
				CLANG_WARN_NON_LITERAL_NULL_CONVERSION = YES;
				CLANG_WARN_OBJC_IMPLICIT_RETAIN_SELF = YES;
				CLANG_WARN_OBJC_LITERAL_CONVERSION = YES;
				CLANG_WARN_OBJC_ROOT_CLASS = YES_ERROR;
				CLANG_WARN_QUOTED_INCLUDE_IN_FRAMEWORK_HEADER = YES;
				CLANG_WARN_RANGE_LOOP_ANALYSIS = YES;
				CLANG_WARN_STRICT_PROTOTYPES = YES;
				CLANG_WARN_SUSPICIOUS_MOVE = YES;
				CLANG_WARN_UNGUARDED_AVAILABILITY = YES_AGGRESSIVE;
				CLANG_WARN_UNREACHABLE_CODE = YES;
				CLANG_WARN__DUPLICATE_METHOD_MATCH = YES;
				COPY_PHASE_STRIP = NO;
				DEBUG_INFORMATION_FORMAT = "dwarf-with-dsym";
				ENABLE_NS_ASSERTIONS = NO;
				ENABLE_STRICT_OBJC_MSGSEND = YES;
				ENABLE_USER_SCRIPT_SANDBOXING = YES;
				GCC_C_LANGUAGE_STANDARD = gnu11;
				GCC_NO_COMMON_BLOCKS = YES;
				GCC_WARN_64_TO_32_BIT_CONVERSION = YES;
				GCC_WARN_ABOUT_RETURN_TYPE = YES_ERROR;
				GCC_WARN_UNDECLARED_SELECTOR = YES;
				GCC_WARN_UNINITIALIZED_AUTOS = YES_AGGRESSIVE;
				GCC_WARN_UNUSED_FUNCTION = YES;
				GCC_WARN_UNUSED_VARIABLE = YES;
				IPHONEOS_DEPLOYMENT_TARGET = 17.0;
				MACOSX_DEPLOYMENT_TARGET = 14.0;
				MTL_ENABLE_DEBUG_INFO = No;
				MTL_FAST_MATH = YES;
				SDKROOT = iphoneos;
				SWIFT_COMPILATION_MODE = wholemodule;
				SWIFT_OPTIMIZATION_LEVEL = "-O";
				VALIDATE_PRODUCT = YES;
				WATCHOS_DEPLOYMENT_TARGET = 10.0;
				XROS_DEPLOYMENT_TARGET = 1.0;
			};
			name = Release;
		};
		576D8EA62A03106A003DE880 /* Debug */ = {
			isa = XCBuildConfiguration;
			buildSettings = {
				ASSETCATALOG_COMPILER_APPICON_NAME = AppIcon;
				ASSETCATALOG_COMPILER_GLOBAL_ACCENT_COLOR_NAME = AccentColor;
				CODE_SIGN_ENTITLEMENTS = ColorSense/ColorSense.entitlements;
				CODE_SIGN_STYLE = Automatic;
				CURRENT_PROJECT_VERSION = 1;
				DEVELOPMENT_ASSET_PATHS = "\"ColorSense/Preview Content\"";
				DEVELOPMENT_TEAM = 3LPAZYKA42;
				ENABLE_PREVIEWS = YES;
				GENERATE_INFOPLIST_FILE = YES;
				INFOPLIST_FILE = ColorSense/Info.plist;
				INFOPLIST_KEY_CFBundleDisplayName = ColorSense;
				INFOPLIST_KEY_LSApplicationCategoryType = "public.app-category.productivity";
				INFOPLIST_KEY_NSCameraUsageDescription = "Camera access is required to identify and analyze colors in real-time using your device's camera.";
				INFOPLIST_KEY_UIApplicationSceneManifest_Generation = YES;
				INFOPLIST_KEY_UIApplicationSupportsIndirectInputEvents = YES;
				INFOPLIST_KEY_UILaunchScreen_Generation = YES;
				INFOPLIST_KEY_UIRequiresFullScreen = YES;
				INFOPLIST_KEY_UISupportedInterfaceOrientations = UIInterfaceOrientationPortrait;
				IPHONEOS_DEPLOYMENT_TARGET = 17.0;
				LD_RUNPATH_SEARCH_PATHS = (
					"$(inherited)",
					"@executable_path/Frameworks",
				);
				MARKETING_VERSION = 1.0.0;
				PRODUCT_BUNDLE_IDENTIFIER = com.wells.justin.ColorSenseiOS;
				PRODUCT_NAME = "$(TARGET_NAME)";
				SUPPORTED_PLATFORMS = "iphoneos iphonesimulator";
				SUPPORTS_MACCATALYST = NO;
				SUPPORTS_MAC_DESIGNED_FOR_IPHONE_IPAD = NO;
				SUPPORTS_XR_DESIGNED_FOR_IPHONE_IPAD = NO;
				SWIFT_EMIT_LOC_STRINGS = YES;
				SWIFT_VERSION = 5.0;
				TARGETED_DEVICE_FAMILY = "1,2";
			};
			name = Debug;
		};
		576D8EA72A03106A003DE880 /* Release */ = {
			isa = XCBuildConfiguration;
			buildSettings = {
				ASSETCATALOG_COMPILER_APPICON_NAME = AppIcon;
				ASSETCATALOG_COMPILER_GLOBAL_ACCENT_COLOR_NAME = AccentColor;
				CODE_SIGN_ENTITLEMENTS = ColorSense/ColorSense.entitlements;
				CODE_SIGN_STYLE = Automatic;
				CURRENT_PROJECT_VERSION = 1;
				DEVELOPMENT_ASSET_PATHS = "\"ColorSense/Preview Content\"";
				DEVELOPMENT_TEAM = 3LPAZYKA42;
				ENABLE_PREVIEWS = YES;
				GENERATE_INFOPLIST_FILE = YES;
				INFOPLIST_FILE = ColorSense/Info.plist;
				INFOPLIST_KEY_CFBundleDisplayName = ColorSense;
				INFOPLIST_KEY_LSApplicationCategoryType = "public.app-category.productivity";
				INFOPLIST_KEY_NSCameraUsageDescription = "Camera access is required to identify and analyze colors in real-time using your device's camera.";
				INFOPLIST_KEY_UIApplicationSceneManifest_Generation = YES;
				INFOPLIST_KEY_UIApplicationSupportsIndirectInputEvents = YES;
				INFOPLIST_KEY_UILaunchScreen_Generation = YES;
				INFOPLIST_KEY_UIRequiresFullScreen = YES;
				INFOPLIST_KEY_UISupportedInterfaceOrientations = UIInterfaceOrientationPortrait;
				IPHONEOS_DEPLOYMENT_TARGET = 17.0;
				LD_RUNPATH_SEARCH_PATHS = (
					"$(inherited)",
					"@executable_path/Frameworks",
				);
				MARKETING_VERSION = 1.0.0;
				PRODUCT_BUNDLE_IDENTIFIER = com.wells.justin.ColorSenseiOS;
				PRODUCT_NAME = "$(TARGET_NAME)";
				SUPPORTED_PLATFORMS = "iphoneos iphonesimulator";
				SUPPORTS_MACCATALYST = NO;
				SUPPORTS_MAC_DESIGNED_FOR_IPHONE_IPAD = NO;
				SUPPORTS_XR_DESIGNED_FOR_IPHONE_IPAD = NO;
				SWIFT_EMIT_LOC_STRINGS = YES;
				SWIFT_VERSION = 5.0;
				TARGETED_DEVICE_FAMILY = "1,2";
			};
			name = Release;
		};
/* End XCBuildConfiguration section */

/* Begin XCConfigurationList section */
		5725C5AD2A7BCAEF00933331 /* Build configuration list for PBXNativeTarget "macOSColorSense" */ = {
			isa = XCConfigurationList;
			buildConfigurations = (
				5725C5AE2A7BCAEF00933331 /* Debug */,
				5725C5AF2A7BCAEF00933331 /* Release */,
			);
			defaultConfigurationIsVisible = 0;
			defaultConfigurationName = Release;
		};
		572720172A7D43CC00BDA48B /* Build configuration list for PBXNativeTarget "visionColorSense" */ = {
			isa = XCConfigurationList;
			buildConfigurations = (
				572720182A7D43CC00BDA48B /* Debug */,
				572720192A7D43CC00BDA48B /* Release */,
			);
			defaultConfigurationIsVisible = 0;
			defaultConfigurationName = Release;
		};
		576A4F202A782E7200452FA5 /* Build configuration list for PBXNativeTarget "WatchColorSense Watch App" */ = {
			isa = XCConfigurationList;
			buildConfigurations = (
				576A4F212A782E7200452FA5 /* Debug */,
				576A4F222A782E7200452FA5 /* Release */,
			);
			defaultConfigurationIsVisible = 0;
			defaultConfigurationName = Release;
		};
		576D8E922A031069003DE880 /* Build configuration list for PBXProject "ColorSense" */ = {
			isa = XCConfigurationList;
			buildConfigurations = (
				576D8EA32A03106A003DE880 /* Debug */,
				576D8EA42A03106A003DE880 /* Release */,
			);
			defaultConfigurationIsVisible = 0;
			defaultConfigurationName = Release;
		};
		576D8EA52A03106A003DE880 /* Build configuration list for PBXNativeTarget "ColorSense" */ = {
			isa = XCConfigurationList;
			buildConfigurations = (
				576D8EA62A03106A003DE880 /* Debug */,
				576D8EA72A03106A003DE880 /* Release */,
			);
			defaultConfigurationIsVisible = 0;
			defaultConfigurationName = Release;
		};
/* End XCConfigurationList section */

/* Begin XCSwiftPackageProductDependency section */
		5727200C2A7D43CA00BDA48B /* RealityKitContent */ = {
			isa = XCSwiftPackageProductDependency;
			productName = RealityKitContent;
		};
/* End XCSwiftPackageProductDependency section */
	};
	rootObject = 576D8E8F2A031069003DE880 /* Project object */;
}
